
Microsoft Visual Studio Solution File, Format Version 12.00
# Visual Studio Version 16
VisualStudioVersion = 16.0.31005.135
MinimumVisualStudioVersion = 10.0.40219.1
Project("{FAE04EC0-301F-11D3-BF4B-00C04F79EFBC}") = "Week2_projectbravo", "Week2_projectbravo.csproj", "{96E719A2-3C42-480E-B3B9-DADC92208892}"
EndProject
Global
	GlobalSection(SolutionConfigurationPlatforms) = preSolution
		Debug|Any CPU = Debug|Any CPU
		Release|Any CPU = Release|Any CPU
	EndGlobalSection
	GlobalSection(ProjectConfigurationPlatforms) = postSolution
		{96E719A2-3C42-480E-B3B9-DADC92208892}.Debug|Any CPU.ActiveCfg = Debug|Any CPU
		{96E719A2-3C42-480E-B3B9-DADC92208892}.Debug|Any CPU.Build.0 = Debug|Any CPU
		{96E719A2-3C42-480E-B3B9-DADC92208892}.Release|Any CPU.ActiveCfg = Release|Any CPU
		{96E719A2-3C42-480E-B3B9-DADC92208892}.Release|Any CPU.Build.0 = Release|Any CPU
	EndGlobalSection
	GlobalSection(SolutionProperties) = preSolution
		HideSolutionNode = FALSE
	EndGlobalSection
	GlobalSection(ExtensibilityGlobals) = postSolution
		SolutionGuid = {89DDBC84-24DC-45F2-B010-7F6AAA292085}
	EndGlobalSection
EndGlobal
